
Microsoft Visual Studio Solution File, Format Version 12.00
# Visual Studio Version 16
VisualStudioVersion = 16.0.30011.22
MinimumVisualStudioVersion = 10.0.40219.1
Project("{FAE04EC0-301F-11D3-BF4B-00C04F79EFBC}") = "Vistas", "..\..\..\..\GitHub\TP_FINAL\TP_Integrador_Grupo_4\TP_Integrador_Grupo_4\Vistas.csproj", "{56774A9B-6F62-4EB7-9F65-8EE250480A0D}"
EndProject
Project("{FAE04EC0-301F-11D3-BF4B-00C04F79EFBC}") = "Negocio", "Negocio\Negocio.csproj", "{977392DB-8B2B-47EB-98CB-7B894AE5C17D}"
EndProject
Project("{FAE04EC0-301F-11D3-BF4B-00C04F79EFBC}") = "Datos", "Datos\Datos.csproj", "{70701080-5D30-4F6B-B7C9-3466D67153B4}"
EndProject
Project("{FAE04EC0-301F-11D3-BF4B-00C04F79EFBC}") = "Entidades", "Entidades\Entidades.csproj", "{698777DA-C772-47CF-BAA7-4F5556C0E8BB}"
EndProject
Global
	GlobalSection(SolutionConfigurationPlatforms) = preSolution
		Debug|Any CPU = Debug|Any CPU
		Release|Any CPU = Release|Any CPU
	EndGlobalSection
	GlobalSection(ProjectConfigurationPlatforms) = postSolution
		{56774A9B-6F62-4EB7-9F65-8EE250480A0D}.Debug|Any CPU.ActiveCfg = Debug|Any CPU
		{56774A9B-6F62-4EB7-9F65-8EE250480A0D}.Debug|Any CPU.Build.0 = Debug|Any CPU
		{56774A9B-6F62-4EB7-9F65-8EE250480A0D}.Release|Any CPU.ActiveCfg = Release|Any CPU
		{56774A9B-6F62-4EB7-9F65-8EE250480A0D}.Release|Any CPU.Build.0 = Release|Any CPU
		{977392DB-8B2B-47EB-98CB-7B894AE5C17D}.Debug|Any CPU.ActiveCfg = Debug|Any CPU
		{977392DB-8B2B-47EB-98CB-7B894AE5C17D}.Debug|Any CPU.Build.0 = Debug|Any CPU
		{977392DB-8B2B-47EB-98CB-7B894AE5C17D}.Release|Any CPU.ActiveCfg = Release|Any CPU
		{977392DB-8B2B-47EB-98CB-7B894AE5C17D}.Release|Any CPU.Build.0 = Release|Any CPU
		{70701080-5D30-4F6B-B7C9-3466D67153B4}.Debug|Any CPU.ActiveCfg = Debug|Any CPU
		{70701080-5D30-4F6B-B7C9-3466D67153B4}.Debug|Any CPU.Build.0 = Debug|Any CPU
		{70701080-5D30-4F6B-B7C9-3466D67153B4}.Release|Any CPU.ActiveCfg = Release|Any CPU
		{70701080-5D30-4F6B-B7C9-3466D67153B4}.Release|Any CPU.Build.0 = Release|Any CPU
		{698777DA-C772-47CF-BAA7-4F5556C0E8BB}.Debug|Any CPU.ActiveCfg = Debug|Any CPU
		{698777DA-C772-47CF-BAA7-4F5556C0E8BB}.Debug|Any CPU.Build.0 = Debug|Any CPU
		{698777DA-C772-47CF-BAA7-4F5556C0E8BB}.Release|Any CPU.ActiveCfg = Release|Any CPU
		{698777DA-C772-47CF-BAA7-4F5556C0E8BB}.Release|Any CPU.Build.0 = Release|Any CPU
	EndGlobalSection
	GlobalSection(SolutionProperties) = preSolution
		HideSolutionNode = FALSE
	EndGlobalSection
	GlobalSection(ExtensibilityGlobals) = postSolution
		SolutionGuid = {A8FF7CEC-8E7B-4D40-A2F0-1639FF55F37A}
	EndGlobalSection
EndGlobal
